<Solution>
  <Folder Name="/src/">
    <Project Path="src/gateway/gateway.csproj" />
  </Folder>
  <Folder Name="/src/services/">
    <Project Path="src/services/auth/auth.csproj" />
    <Project Path="src/services/inventory/inventory.csproj" />
    <Project Path="src/services/orders/orders.csproj" />
    <Project Path="src/services/payments/payments.csproj" />
  </Folder>
  <Project Path="docker-compose.dcproj">
    <Build />
  </Project>
</Solution>
